
Microsoft Visual Studio Solution File, Format Version 12.00
# Visual Studio 2013
VisualStudioVersion = 12.0.21005.1
MinimumVisualStudioVersion = 10.0.40219.1
Project("{FAE04EC0-301F-11D3-BF4B-00C04F79EFBC}") = "Pris-Mongot", "Pris-Mongot\Pris-Mongot.csproj", "{FCAA229E-D389-402F-9DD9-19C4788671AB}"
EndProject
Global
	GlobalSection(SolutionConfigurationPlatforms) = preSolution
		Debug|Any CPU = Debug|Any CPU
		Release|Any CPU = Release|Any CPU
	EndGlobalSection
	GlobalSection(ProjectConfigurationPlatforms) = postSolution
		{FCAA229E-D389-402F-9DD9-19C4788671AB}.Debug|Any CPU.ActiveCfg = Debug|Any CPU
		{FCAA229E-D389-402F-9DD9-19C4788671AB}.Debug|Any CPU.Build.0 = Debug|Any CPU
		{FCAA229E-D389-402F-9DD9-19C4788671AB}.Release|Any CPU.ActiveCfg = Release|Any CPU
		{FCAA229E-D389-402F-9DD9-19C4788671AB}.Release|Any CPU.Build.0 = Release|Any CPU
	EndGlobalSection
	GlobalSection(SolutionProperties) = preSolution
		HideSolutionNode = FALSE
	EndGlobalSection
EndGlobal
